PODS:
  - PLPlayerKit (3.4.2):
    - PLPlayerKit/iphoneos (= 3.4.2)
  - PLPlayerKit/iphoneos (3.4.2)

DEPENDENCIES:
  - PLPlayerKit (= 3.4.2)

SPEC REPOS:
  https://github.com/cocoapods/specs.git:
    - PLPlayerKit

SPEC CHECKSUMS:
  PLPlayerKit: 7aff4f2860cd5b7c001cf2f3d8ab5d9a561e0d9c

PODFILE CHECKSUM: 956db8441abae5dd4f6f88e83f9da5582cb78048

COCOAPODS: 1.7.5
