PODS:
  - PLPlayerKit (3.4.3):
    - PLPlayerKit/iphoneos (= 3.4.3)
  - PLPlayerKit/iphoneos (3.4.3)

DEPENDENCIES:
  - PLPlayerKit (= 3.4.3)

SPEC REPOS:
  trunk:
    - PLPlayerKit

SPEC CHECKSUMS:
  PLPlayerKit: a44734dc78c1f8f9fb22c537fa1916612fa46b06

PODFILE CHECKSUM: 0a9c16f465902969d17aeed626557354f640e6b1

COCOAPODS: 1.8.4
