PODS:
  - PLPlayerKit (3.4.3):
    - PLPlayerKit/iphoneos (= 3.4.3)
  - PLPlayerKit/iphoneos (3.4.3)
  - SnapKit (5.0.1)
  - VideoPlayer (4.0.4):
    - VideoPlayer/AVPlayer (= 4.0.4)
    - VideoPlayer/Core (= 4.0.4)
  - VideoPlayer/AVPlayer (4.0.4):
    - VideoPlayer/Core
  - VideoPlayer/Core (4.0.4)

DEPENDENCIES:
  - PLPlayerKit (= 3.4.3)
  - SnapKit (~> 5.0.0)
  - VideoPlayer (from `../`)

SPEC REPOS:
  trunk:
    - PLPlayerKit
    - SnapKit

EXTERNAL SOURCES:
  VideoPlayer:
    :path: "../"

SPEC CHECKSUMS:
  PLPlayerKit: a44734dc78c1f8f9fb22c537fa1916612fa46b06
  SnapKit: 97b92857e3df3a0c71833cce143274bf6ef8e5eb
  VideoPlayer: 76edfd137d4122c8cbd9194f1b7baf8b61d7b6a2

PODFILE CHECKSUM: 273ff2c8e4d66cfdbdf70069686deccdfacac1a1

COCOAPODS: 1.10.1
