PODS:
  - SnapKit (5.0.1)
  - VideoPlayer (1.0.5):
    - VideoPlayer/AVPlayer (= 1.0.5)
    - VideoPlayer/Core (= 1.0.5)
  - VideoPlayer/AVPlayer (1.0.5):
    - VideoPlayer/Core
  - VideoPlayer/Core (1.0.5)

DEPENDENCIES:
  - SnapKit (~> 5.0.0)
  - VideoPlayer (from `../`)

SPEC REPOS:
  trunk:
    - SnapKit

EXTERNAL SOURCES:
  VideoPlayer:
    :path: "../"

SPEC CHECKSUMS:
  SnapKit: 97b92857e3df3a0c71833cce143274bf6ef8e5eb
  VideoPlayer: e09ed2a88b89b2cbcee9d3329d81be81d0d30412

PODFILE CHECKSUM: 73b0220cba49a4cdbfaea83891a3b22f515f45ca

COCOAPODS: 1.8.4
